
Microsoft Visual Studio Solution File, Format Version 12.00
# Visual Studio Version 17
VisualStudioVersion = 17.0.31903.59
MinimumVisualStudioVersion = 10.0.40219.1
Project("{2150E333-8FDC-42A3-9474-1A3956D46DE8}") = "src", "src", "{F161D62E-8757-4DD2-8D27-F072947FFAE1}"
EndProject
Project("{FAE04EC0-301F-11D3-BF4B-00C04F79EFBC}") = "Winnow.API", "src\Services\Winnow.API\Winnow.API.csproj", "{0ACD684E-9F59-45CF-A5B3-7B7013B93ABB}"
EndProject
Project("{FAE04EC0-301F-11D3-BF4B-00C04F79EFBC}") = "Winnow.Sdk", "src\Sdks\Winnow.Sdk.DotNet\Winnow.Sdk.csproj", "{EB1569D4-D55B-4A6E-A418-21EE699A79C1}"
EndProject
Project("{FAE04EC0-301F-11D3-BF4B-00C04F79EFBC}") = "Winnow.Integrations", "src\Services\Winnow.Integrations\Winnow.Integrations.csproj", "{D33331E7-247D-47B0-ACD3-A0B7A626A68A}"
EndProject
Project("{FAE04EC0-301F-11D3-BF4B-00C04F79EFBC}") = "Winnow.API.Tests", "src\Services\Winnow.API.Tests\Winnow.API.Tests.csproj", "{FA13A251-474A-4603-82B8-F3A6DB5861A3}"
EndProject
Project("{2150E333-8FDC-42A3-9474-1A3956D46DE8}") = "Services", "Services", "{361C2452-1516-3F68-0255-4F28CD2E6C9E}"
EndProject
Project("{FAE04EC0-301F-11D3-BF4B-00C04F79EFBC}") = "Winnow.Summary", "src\Services\Winnow.Summary\Winnow.Summary.csproj", "{9C4D8D15-4668-4DCA-AD2B-F72CD88C3106}"
EndProject
Project("{FAE04EC0-301F-11D3-BF4B-00C04F79EFBC}") = "Winnow.Clustering", "src\Services\Winnow.Clustering\Winnow.Clustering.csproj", "{F5B64CCC-A1BA-4D5E-B319-D98D3F322564}"
EndProject
Project("{FAE04EC0-301F-11D3-BF4B-00C04F79EFBC}") = "Winnow.Sanitize", "src\Services\Winnow.Sanitize\Winnow.Sanitize.csproj", "{F69E8E02-4EED-4AC2-96E9-FF1CE8324162}"
EndProject
Project("{FAE04EC0-301F-11D3-BF4B-00C04F79EFBC}") = "Winnow.Contracts", "src\Services\Winnow.Contracts\Winnow.Contracts.csproj", "{F909350E-FC64-43D9-8047-2E1338B3F9D7}"
EndProject
Global
	GlobalSection(SolutionConfigurationPlatforms) = preSolution
		Debug|Any CPU = Debug|Any CPU
		Debug|x64 = Debug|x64
		Debug|x86 = Debug|x86
		Release|Any CPU = Release|Any CPU
		Release|x64 = Release|x64
		Release|x86 = Release|x86
	EndGlobalSection
	GlobalSection(ProjectConfigurationPlatforms) = postSolution
		{0ACD684E-9F59-45CF-A5B3-7B7013B93ABB}.Debug|Any CPU.ActiveCfg = Debug|Any CPU
		{0ACD684E-9F59-45CF-A5B3-7B7013B93ABB}.Debug|Any CPU.Build.0 = Debug|Any CPU
		{0ACD684E-9F59-45CF-A5B3-7B7013B93ABB}.Debug|x64.ActiveCfg = Debug|Any CPU
		{0ACD684E-9F59-45CF-A5B3-7B7013B93ABB}.Debug|x64.Build.0 = Debug|Any CPU
		{0ACD684E-9F59-45CF-A5B3-7B7013B93ABB}.Debug|x86.ActiveCfg = Debug|Any CPU
		{0ACD684E-9F59-45CF-A5B3-7B7013B93ABB}.Debug|x86.Build.0 = Debug|Any CPU
		{0ACD684E-9F59-45CF-A5B3-7B7013B93ABB}.Release|Any CPU.ActiveCfg = Release|Any CPU
		{0ACD684E-9F59-45CF-A5B3-7B7013B93ABB}.Release|Any CPU.Build.0 = Release|Any CPU
		{0ACD684E-9F59-45CF-A5B3-7B7013B93ABB}.Release|x64.ActiveCfg = Release|Any CPU
		{0ACD684E-9F59-45CF-A5B3-7B7013B93ABB}.Release|x64.Build.0 = Release|Any CPU
		{0ACD684E-9F59-45CF-A5B3-7B7013B93ABB}.Release|x86.ActiveCfg = Release|Any CPU
		{0ACD684E-9F59-45CF-A5B3-7B7013B93ABB}.Release|x86.Build.0 = Release|Any CPU
		{EB1569D4-D55B-4A6E-A418-21EE699A79C1}.Debug|Any CPU.ActiveCfg = Debug|Any CPU
		{EB1569D4-D55B-4A6E-A418-21EE699A79C1}.Debug|Any CPU.Build.0 = Debug|Any CPU
		{EB1569D4-D55B-4A6E-A418-21EE699A79C1}.Debug|x64.ActiveCfg = Debug|Any CPU
		{EB1569D4-D55B-4A6E-A418-21EE699A79C1}.Debug|x64.Build.0 = Debug|Any CPU
		{EB1569D4-D55B-4A6E-A418-21EE699A79C1}.Debug|x86.ActiveCfg = Debug|Any CPU
		{EB1569D4-D55B-4A6E-A418-21EE699A79C1}.Debug|x86.Build.0 = Debug|Any CPU
		{EB1569D4-D55B-4A6E-A418-21EE699A79C1}.Release|Any CPU.ActiveCfg = Release|Any CPU
		{EB1569D4-D55B-4A6E-A418-21EE699A79C1}.Release|Any CPU.Build.0 = Release|Any CPU
		{EB1569D4-D55B-4A6E-A418-21EE699A79C1}.Release|x64.ActiveCfg = Release|Any CPU
		{EB1569D4-D55B-4A6E-A418-21EE699A79C1}.Release|x64.Build.0 = Release|Any CPU
		{EB1569D4-D55B-4A6E-A418-21EE699A79C1}.Release|x86.ActiveCfg = Release|Any CPU
		{EB1569D4-D55B-4A6E-A418-21EE699A79C1}.Release|x86.Build.0 = Release|Any CPU
		{D33331E7-247D-47B0-ACD3-A0B7A626A68A}.Debug|Any CPU.ActiveCfg = Debug|Any CPU
		{D33331E7-247D-47B0-ACD3-A0B7A626A68A}.Debug|Any CPU.Build.0 = Debug|Any CPU
		{D33331E7-247D-47B0-ACD3-A0B7A626A68A}.Debug|x64.ActiveCfg = Debug|Any CPU
		{D33331E7-247D-47B0-ACD3-A0B7A626A68A}.Debug|x64.Build.0 = Debug|Any CPU
		{D33331E7-247D-47B0-ACD3-A0B7A626A68A}.Debug|x86.ActiveCfg = Debug|Any CPU
		{D33331E7-247D-47B0-ACD3-A0B7A626A68A}.Debug|x86.Build.0 = Debug|Any CPU
		{D33331E7-247D-47B0-ACD3-A0B7A626A68A}.Release|Any CPU.ActiveCfg = Release|Any CPU
		{D33331E7-247D-47B0-ACD3-A0B7A626A68A}.Release|Any CPU.Build.0 = Release|Any CPU
		{D33331E7-247D-47B0-ACD3-A0B7A626A68A}.Release|x64.ActiveCfg = Release|Any CPU
		{D33331E7-247D-47B0-ACD3-A0B7A626A68A}.Release|x64.Build.0 = Release|Any CPU
		{D33331E7-247D-47B0-ACD3-A0B7A626A68A}.Release|x86.ActiveCfg = Release|Any CPU
		{D33331E7-247D-47B0-ACD3-A0B7A626A68A}.Release|x86.Build.0 = Release|Any CPU
		{FA13A251-474A-4603-82B8-F3A6DB5861A3}.Debug|Any CPU.ActiveCfg = Debug|Any CPU
		{FA13A251-474A-4603-82B8-F3A6DB5861A3}.Debug|Any CPU.Build.0 = Debug|Any CPU
		{FA13A251-474A-4603-82B8-F3A6DB5861A3}.Debug|x64.ActiveCfg = Debug|Any CPU
		{FA13A251-474A-4603-82B8-F3A6DB5861A3}.Debug|x64.Build.0 = Debug|Any CPU
		{FA13A251-474A-4603-82B8-F3A6DB5861A3}.Debug|x86.ActiveCfg = Debug|Any CPU
		{FA13A251-474A-4603-82B8-F3A6DB5861A3}.Debug|x86.Build.0 = Debug|Any CPU
		{FA13A251-474A-4603-82B8-F3A6DB5861A3}.Release|Any CPU.ActiveCfg = Release|Any CPU
		{FA13A251-474A-4603-82B8-F3A6DB5861A3}.Release|Any CPU.Build.0 = Release|Any CPU
		{FA13A251-474A-4603-82B8-F3A6DB5861A3}.Release|x64.ActiveCfg = Release|Any CPU
		{FA13A251-474A-4603-82B8-F3A6DB5861A3}.Release|x64.Build.0 = Release|Any CPU
		{FA13A251-474A-4603-82B8-F3A6DB5861A3}.Release|x86.ActiveCfg = Release|Any CPU
		{FA13A251-474A-4603-82B8-F3A6DB5861A3}.Release|x86.Build.0 = Release|Any CPU
		{9C4D8D15-4668-4DCA-AD2B-F72CD88C3106}.Debug|Any CPU.ActiveCfg = Debug|Any CPU
		{9C4D8D15-4668-4DCA-AD2B-F72CD88C3106}.Debug|Any CPU.Build.0 = Debug|Any CPU
		{9C4D8D15-4668-4DCA-AD2B-F72CD88C3106}.Debug|x64.ActiveCfg = Debug|Any CPU
		{9C4D8D15-4668-4DCA-AD2B-F72CD88C3106}.Debug|x64.Build.0 = Debug|Any CPU
		{9C4D8D15-4668-4DCA-AD2B-F72CD88C3106}.Debug|x86.ActiveCfg = Debug|Any CPU
		{9C4D8D15-4668-4DCA-AD2B-F72CD88C3106}.Debug|x86.Build.0 = Debug|Any CPU
		{9C4D8D15-4668-4DCA-AD2B-F72CD88C3106}.Release|Any CPU.ActiveCfg = Release|Any CPU
		{9C4D8D15-4668-4DCA-AD2B-F72CD88C3106}.Release|Any CPU.Build.0 = Release|Any CPU
		{9C4D8D15-4668-4DCA-AD2B-F72CD88C3106}.Release|x64.ActiveCfg = Release|Any CPU
		{9C4D8D15-4668-4DCA-AD2B-F72CD88C3106}.Release|x64.Build.0 = Release|Any CPU
		{9C4D8D15-4668-4DCA-AD2B-F72CD88C3106}.Release|x86.ActiveCfg = Release|Any CPU
		{9C4D8D15-4668-4DCA-AD2B-F72CD88C3106}.Release|x86.Build.0 = Release|Any CPU
		{F5B64CCC-A1BA-4D5E-B319-D98D3F322564}.Debug|Any CPU.ActiveCfg = Debug|Any CPU
		{F5B64CCC-A1BA-4D5E-B319-D98D3F322564}.Debug|Any CPU.Build.0 = Debug|Any CPU
		{F5B64CCC-A1BA-4D5E-B319-D98D3F322564}.Debug|x64.ActiveCfg = Debug|Any CPU
		{F5B64CCC-A1BA-4D5E-B319-D98D3F322564}.Debug|x64.Build.0 = Debug|Any CPU
		{F5B64CCC-A1BA-4D5E-B319-D98D3F322564}.Debug|x86.ActiveCfg = Debug|Any CPU
		{F5B64CCC-A1BA-4D5E-B319-D98D3F322564}.Debug|x86.Build.0 = Debug|Any CPU
		{F5B64CCC-A1BA-4D5E-B319-D98D3F322564}.Release|Any CPU.ActiveCfg = Release|Any CPU
		{F5B64CCC-A1BA-4D5E-B319-D98D3F322564}.Release|Any CPU.Build.0 = Release|Any CPU
		{F5B64CCC-A1BA-4D5E-B319-D98D3F322564}.Release|x64.ActiveCfg = Release|Any CPU
		{F5B64CCC-A1BA-4D5E-B319-D98D3F322564}.Release|x64.Build.0 = Release|Any CPU
		{F5B64CCC-A1BA-4D5E-B319-D98D3F322564}.Release|x86.ActiveCfg = Release|Any CPU
		{F5B64CCC-A1BA-4D5E-B319-D98D3F322564}.Release|x86.Build.0 = Release|Any CPU
		{F69E8E02-4EED-4AC2-96E9-FF1CE8324162}.Debug|Any CPU.ActiveCfg = Debug|Any CPU
		{F69E8E02-4EED-4AC2-96E9-FF1CE8324162}.Debug|Any CPU.Build.0 = Debug|Any CPU
		{F69E8E02-4EED-4AC2-96E9-FF1CE8324162}.Debug|x64.ActiveCfg = Debug|Any CPU
		{F69E8E02-4EED-4AC2-96E9-FF1CE8324162}.Debug|x64.Build.0 = Debug|Any CPU
		{F69E8E02-4EED-4AC2-96E9-FF1CE8324162}.Debug|x86.ActiveCfg = Debug|Any CPU
		{F69E8E02-4EED-4AC2-96E9-FF1CE8324162}.Debug|x86.Build.0 = Debug|Any CPU
		{F69E8E02-4EED-4AC2-96E9-FF1CE8324162}.Release|Any CPU.ActiveCfg = Release|Any CPU
		{F69E8E02-4EED-4AC2-96E9-FF1CE8324162}.Release|Any CPU.Build.0 = Release|Any CPU
		{F69E8E02-4EED-4AC2-96E9-FF1CE8324162}.Release|x64.ActiveCfg = Release|Any CPU
		{F69E8E02-4EED-4AC2-96E9-FF1CE8324162}.Release|x64.Build.0 = Release|Any CPU
		{F69E8E02-4EED-4AC2-96E9-FF1CE8324162}.Release|x86.ActiveCfg = Release|Any CPU
		{F69E8E02-4EED-4AC2-96E9-FF1CE8324162}.Release|x86.Build.0 = Release|Any CPU
		{F909350E-FC64-43D9-8047-2E1338B3F9D7}.Debug|Any CPU.ActiveCfg = Debug|Any CPU
		{F909350E-FC64-43D9-8047-2E1338B3F9D7}.Debug|Any CPU.Build.0 = Debug|Any CPU
		{F909350E-FC64-43D9-8047-2E1338B3F9D7}.Debug|x64.ActiveCfg = Debug|Any CPU
		{F909350E-FC64-43D9-8047-2E1338B3F9D7}.Debug|x64.Build.0 = Debug|Any CPU
		{F909350E-FC64-43D9-8047-2E1338B3F9D7}.Debug|x86.ActiveCfg = Debug|Any CPU
		{F909350E-FC64-43D9-8047-2E1338B3F9D7}.Debug|x86.Build.0 = Debug|Any CPU
		{F909350E-FC64-43D9-8047-2E1338B3F9D7}.Release|Any CPU.ActiveCfg = Release|Any CPU
		{F909350E-FC64-43D9-8047-2E1338B3F9D7}.Release|Any CPU.Build.0 = Release|Any CPU
		{F909350E-FC64-43D9-8047-2E1338B3F9D7}.Release|x64.ActiveCfg = Release|Any CPU
		{F909350E-FC64-43D9-8047-2E1338B3F9D7}.Release|x64.Build.0 = Release|Any CPU
		{F909350E-FC64-43D9-8047-2E1338B3F9D7}.Release|x86.ActiveCfg = Release|Any CPU
		{F909350E-FC64-43D9-8047-2E1338B3F9D7}.Release|x86.Build.0 = Release|Any CPU
	EndGlobalSection
	GlobalSection(SolutionProperties) = preSolution
		HideSolutionNode = FALSE
	EndGlobalSection
	GlobalSection(NestedProjects) = preSolution
		{0ACD684E-9F59-45CF-A5B3-7B7013B93ABB} = {F161D62E-8757-4DD2-8D27-F072947FFAE1}
		{EB1569D4-D55B-4A6E-A418-21EE699A79C1} = {F161D62E-8757-4DD2-8D27-F072947FFAE1}
		{D33331E7-247D-47B0-ACD3-A0B7A626A68A} = {F161D62E-8757-4DD2-8D27-F072947FFAE1}
		{FA13A251-474A-4603-82B8-F3A6DB5861A3} = {F161D62E-8757-4DD2-8D27-F072947FFAE1}
		{361C2452-1516-3F68-0255-4F28CD2E6C9E} = {F161D62E-8757-4DD2-8D27-F072947FFAE1}
		{9C4D8D15-4668-4DCA-AD2B-F72CD88C3106} = {361C2452-1516-3F68-0255-4F28CD2E6C9E}
		{F5B64CCC-A1BA-4D5E-B319-D98D3F322564} = {361C2452-1516-3F68-0255-4F28CD2E6C9E}
		{F69E8E02-4EED-4AC2-96E9-FF1CE8324162} = {361C2452-1516-3F68-0255-4F28CD2E6C9E}
		{F909350E-FC64-43D9-8047-2E1338B3F9D7} = {361C2452-1516-3F68-0255-4F28CD2E6C9E}
	EndGlobalSection
EndGlobal
